
Microsoft Visual Studio Solution File, Format Version 12.00
# Visual Studio Version 17
VisualStudioVersion = 17.1.32421.90
MinimumVisualStudioVersion = 10.0.40219.1
Project("{FAE04EC0-301F-11D3-BF4B-00C04F79EFBC}") = "BeerSongConsoleApp", "BeerSongConsoleApp\BeerSongConsoleApp.csproj", "{54568D5D-4CB4-42A9-8DCB-986E4B516F41}"
EndProject
Global
	GlobalSection(SolutionConfigurationPlatforms) = preSolution
		Debug|Any CPU = Debug|Any CPU
		Release|Any CPU = Release|Any CPU
	EndGlobalSection
	GlobalSection(ProjectConfigurationPlatforms) = postSolution
		{54568D5D-4CB4-42A9-8DCB-986E4B516F41}.Debug|Any CPU.ActiveCfg = Debug|Any CPU
		{54568D5D-4CB4-42A9-8DCB-986E4B516F41}.Debug|Any CPU.Build.0 = Debug|Any CPU
		{54568D5D-4CB4-42A9-8DCB-986E4B516F41}.Release|Any CPU.ActiveCfg = Release|Any CPU
		{54568D5D-4CB4-42A9-8DCB-986E4B516F41}.Release|Any CPU.Build.0 = Release|Any CPU
	EndGlobalSection
	GlobalSection(SolutionProperties) = preSolution
		HideSolutionNode = FALSE
	EndGlobalSection
	GlobalSection(ExtensibilityGlobals) = postSolution
		SolutionGuid = {D5C3CE29-3742-41CA-9CE6-FC55A46035D8}
	EndGlobalSection
EndGlobal
